<?xml version="1.0" encoding="utf-8"?>
<Project ToolsVersion="4.0" xmlns="http://schemas.microsoft.com/developer/msbuild/2003">
  <ItemGroup>
    <Filter Include="Source Files">
      <UniqueIdentifier>{4FC737F1-C7A5-4376-A066-2A32D752A2FF}</UniqueIdentifier>
      <Extensions>cpp;c;cc;cxx;c++;cppm;ixx;def;odl;idl;hpj;bat;asm;asmx</Extensions>
    </Filter>
    <Filter Include="Header Files">
      <UniqueIdentifier>{93995380-89BD-4b04-88EB-625FBE52EBFB}</UniqueIdentifier>
      <Extensions>h;hh;hpp;hxx;h++;hm;inl;inc;ipp;xsd</Extensions>
    </Filter>
    <Filter Include="Resource Files">
      <UniqueIdentifier>{67DA6AB6-F800-4c08-8B7A-83BB121AAD01}</UniqueIdentifier>
      <Extensions>rc;ico;cur;bmp;dlg;rc2;rct;bin;rgs;gif;jpg;jpeg;jpe;resx;tiff;tif;png;wav;mfcribbon-ms</Extensions>
    </Filter>
    <Filter Include="Header Files\Components">
      <UniqueIdentifier>{099692d3-9691-4b5e-9e03-c0095bb08643}</UniqueIdentifier>
    </Filter>
    <Filter Include="Source Files\Components">
      <UniqueIdentifier>{3e55ba5b-cffe-4319-b61f-ed4bd52025b6}</UniqueIdentifier>
    </Filter>
    <Filter Include="Header Files\Components\UI">
      <UniqueIdentifier>{d6f34029-6a80-449e-9c1e-c8ca4f9aa974}</UniqueIdentifier>
    </Filter>
    <Filter Include="Source Files\Components\UI">
      <UniqueIdentifier>{548236e8-4d27-4db7-9e14-9303a143ed42}</UniqueIdentifier>
    </Filter>
    <Filter Include="Source Files\Components\Enemies">
      <UniqueIdentifier>{1118e7fc-7f53-4a75-9c40-c87ede7edb36}</UniqueIdentifier>
    </Filter>
    <Filter Include="Header Files\Components\Enemies">
      <UniqueIdentifier>{69318893-2fdf-447f-a623-b2719abd8ba5}</UniqueIdentifier>
    </Filter>
    <Filter Include="Header Files\Scenes">
      <UniqueIdentifier>{47cb726c-3004-41b2-a20b-2fb3386eac90}</UniqueIdentifier>
    </Filter>
    <Filter Include="Source Files\Scenes">
      <UniqueIdentifier>{3064126b-a39e-45b9-93c8-5a093656938a}</UniqueIdentifier>
    </Filter>
  </ItemGroup>
  <ItemGroup>
    <ClCompile Include="IceClimberGame.cpp">
      <Filter>Source Files</Filter>
    </ClCompile>
    <ClCompile Include="main.cpp">
      <Filter>Source Files</Filter>
    </ClCompile>
    <ClCompile Include="PlayerBehaviour.cpp">
      <Filter>Source Files\Components</Filter>
    </ClCompile>
    <ClCompile Include="GameOverUIBehaviour.cpp">
      <Filter>Source Files\Components\UI</Filter>
    </ClCompile>
    <ClCompile Include="LifeUI.cpp">
      <Filter>Source Files\Components\UI</Filter>
    </ClCompile>
    <ClCompile Include="Cloud.cpp">
      <Filter>Source Files\Components</Filter>
    </ClCompile>
    <ClCompile Include="HammerTrigger.cpp">
      <Filter>Source Files\Components</Filter>
    </ClCompile>
    <ClCompile Include="Nitpicker.cpp">
      <Filter>Source Files\Components\Enemies</Filter>
    </ClCompile>
    <ClCompile Include="Topi.cpp">
      <Filter>Source Files\Components\Enemies</Filter>
    </ClCompile>
    <ClCompile Include="Enemy.cpp">
      <Filter>Source Files\Components\Enemies</Filter>
    </ClCompile>
    <ClCompile Include="CameraManager.cpp">
      <Filter>Source Files</Filter>
    </ClCompile>
    <ClCompile Include="PlayScene.cpp">
      <Filter>Source Files\Scenes</Filter>
    </ClCompile>
  </ItemGroup>
  <ItemGroup>
    <ClInclude Include="IceClimberGame.h">
      <Filter>Header Files</Filter>
    </ClInclude>
    <ClInclude Include="PlayerBehaviour.h">
      <Filter>Header Files\Components</Filter>
    </ClInclude>
    <ClInclude Include="GameOverUIBehaviour.h">
      <Filter>Header Files\Components\UI</Filter>
    </ClInclude>
    <ClInclude Include="LifeUI.h">
      <Filter>Header Files\Components\UI</Filter>
    </ClInclude>
    <ClInclude Include="Cloud.h">
      <Filter>Header Files\Components</Filter>
    </ClInclude>
    <ClInclude Include="Nitpicker.h">
      <Filter>Header Files\Components\Enemies</Filter>
    </ClInclude>
    <ClInclude Include="HammerTrigger.h">
      <Filter>Header Files\Components</Filter>
    </ClInclude>
    <ClInclude Include="Topi.h">
      <Filter>Header Files\Components\Enemies</Filter>
    </ClInclude>
    <ClInclude Include="Enemy.h">
      <Filter>Header Files\Components\Enemies</Filter>
    </ClInclude>
    <ClInclude Include="CameraManager.h">
      <Filter>Header Files</Filter>
    </ClInclude>
    <ClInclude Include="PlayScene.h">
      <Filter>Header Files\Scenes</Filter>
    </ClInclude>
  </ItemGroup>
</Project>